// !$*UTF8*$!
{
	archiveVersion = 1;
	classes = {
	};
	objectVersion = 46;
	objects = {

/* Begin PBXBuildFile section */
		20D322221CC71F3700631D00 /* main.m in Sources */ = {isa = PBXBuildFile; fileRef = 20D322211CC71F3700631D00 /* main.m */; };
		20D322251CC71F3700631D00 /* AppDelegate.m in Sources */ = {isa = PBXBuildFile; fileRef = 20D322241CC71F3700631D00 /* AppDelegate.m */; };
		20D322281CC71F3700631D00 /* ViewController.m in Sources */ = {isa = PBXBuildFile; fileRef = 20D322271CC71F3700631D00 /* ViewController.m */; };
		20D3222B1CC71F3700631D00 /* Main.storyboard in Resources */ = {isa = PBXBuildFile; fileRef = 20D322291CC71F3700631D00 /* Main.storyboard */; };
		20D3222D1CC71F3700631D00 /* Assets.xcassets in Resources */ = {isa = PBXBuildFile; fileRef = 20D3222C1CC71F3700631D00 /* Assets.xcassets */; };
		20D322301CC71F3700631D00 /* LaunchScreen.storyboard in Resources */ = {isa = PBXBuildFile; fileRef = 20D3222E1CC71F3700631D00 /* LaunchScreen.storyboard */; };
/* End PBXBuildFile section */

/* Begin PBXFileReference section */
		20D3221D1CC71F3700631D00 /* UIVisualEffectView-图片模糊效果.app */ = {isa = PBXFileReference; explicitFileType = wrapper.application; includeInIndex = 0; path = "UIVisualEffectView-图片模糊效果.app"; sourceTree = BUILT_PRODUCTS_DIR; };
		20D322211CC71F3700631D00 /* main.m */ = {isa = PBXFileReference; lastKnownFileType = sourcecode.c.objc; path = main.m; sourceTree = "<group>"; };
		20D322231CC71F3700631D00 /* AppDelegate.h */ = {isa = PBXFileReference; lastKnownFileType = sourcecode.c.h; path = AppDelegate.h; sourceTree = "<group>"; };
		20D322241CC71F3700631D00 /* AppDelegate.m */ = {isa = PBXFileReference; lastKnownFileType = sourcecode.c.objc; path = AppDelegate.m; sourceTree = "<group>"; };
		20D322261CC71F3700631D00 /* ViewController.h */ = {isa = PBXFileReference; lastKnownFileType = sourcecode.c.h; path = ViewController.h; sourceTree = "<group>"; };
		20D322271CC71F3700631D00 /* ViewController.m */ = {isa = PBXFileReference; lastKnownFileType = sourcecode.c.objc; path = ViewController.m; sourceTree = "<group>"; };
		20D3222A1CC71F3700631D00 /* Base */ = {isa = PBXFileReference; lastKnownFileType = file.storyboard; name = Base; path = Base.lproj/Main.storyboard; sourceTree = "<group>"; };
		20D3222C1CC71F3700631D00 /* Assets.xcassets */ = {isa = PBXFileReference; lastKnownFileType = folder.assetcatalog; path = Assets.xcassets; sourceTree = "<group>"; };
		20D3222F1CC71F3700631D00 /* Base */ = {isa = PBXFileReference; lastKnownFileType = file.storyboard; name = Base; path = Base.lproj/LaunchScreen.storyboard; sourceTree = "<group>"; };
		20D322311CC71F3700631D00 /* Info.plist */ = {isa = PBXFileReference; lastKnownFileType = text.plist.xml; path = Info.plist; sourceTree = "<group>"; };
/* End PBXFileReference section */

/* Begin PBXFrameworksBuildPhase section */
		20D3221A1CC71F3700631D00 /* Frameworks */ = {
			isa = PBXFrameworksBuildPhase;
			buildActionMask = 2147483647;
			files = (
			);
			runOnlyForDeploymentPostprocessing = 0;
		};
/* End PBXFrameworksBuildPhase section */

/* Begin PBXGroup section */
		20D322141CC71F3700631D00 = {
			isa = PBXGroup;
			children = (
				20D3221F1CC71F3700631D00 /* UIVisualEffectView-图片模糊效果 */,
				20D3221E1CC71F3700631D00 /* Products */,
			);
			sourceTree = "<group>";
		};
		20D3221E1CC71F3700631D00 /* Products */ = {
			isa = PBXGroup;
			children = (
				20D3221D1CC71F3700631D00 /* UIVisualEffectView-图片模糊效果.app */,
			);
			name = Products;
			sourceTree = "<group>";
		};
		20D3221F1CC71F3700631D00 /* UIVisualEffectView-图片模糊效果 */ = {
			isa = PBXGroup;
			children = (
				20D322231CC71F3700631D00 /* AppDelegate.h */,
				20D322241CC71F3700631D00 /* AppDelegate.m */,
				20D322261CC71F3700631D00 /* ViewController.h */,
				20D322271CC71F3700631D00 /* ViewController.m */,
				20D322291CC71F3700631D00 /* Main.storyboard */,
				20D3222C1CC71F3700631D00 /* Assets.xcassets */,
				20D3222E1CC71F3700631D00 /* LaunchScreen.storyboard */,
				20D322311CC71F3700631D00 /* Info.plist */,
				20D322201CC71F3700631D00 /* Supporting Files */,
			);
			path = "UIVisualEffectView-图片模糊效果";
			sourceTree = "<group>";
		};
		20D322201CC71F3700631D00 /* Supporting Files */ = {
			isa = PBXGroup;
			children = (
				20D322211CC71F3700631D00 /* main.m */,
			);
			name = "Supporting Files";
			sourceTree = "<group>";
		};
/* End PBXGroup section */

/* Begin PBXNativeTarget section */
		20D3221C1CC71F3700631D00 /* UIVisualEffectView-图片模糊效果 */ = {
			isa = PBXNativeTarget;
			buildConfigurationList = 20D322341CC71F3700631D00 /* Build configuration list for PBXNativeTarget "UIVisualEffectView-图片模糊效果" */;
			buildPhases = (
				20D322191CC71F3700631D00 /* Sources */,
				20D3221A1CC71F3700631D00 /* Frameworks */,
				20D3221B1CC71F3700631D00 /* Resources */,
			);
			buildRules = (
			);
			dependencies = (
			);
			name = "UIVisualEffectView-图片模糊效果";
			productName = "UIVisualEffectView-图片模糊效果";
			productReference = 20D3221D1CC71F3700631D00 /* UIVisualEffectView-图片模糊效果.app */;
			productType = "com.apple.product-type.application";
		};
/* End PBXNativeTarget section */

/* Begin PBXProject section */
		20D322151CC71F3700631D00 /* Project object */ = {
			isa = PBXProject;
			attributes = {
				LastUpgradeCheck = 0720;
				ORGANIZATIONNAME = "郭梁策";
				TargetAttributes = {
					20D3221C1CC71F3700631D00 = {
						CreatedOnToolsVersion = 7.2;
					};
				};
			};
			buildConfigurationList = 20D322181CC71F3700631D00 /* Build configuration list for PBXProject "UIVisualEffectView-图片模糊效果" */;
			compatibilityVersion = "Xcode 3.2";
			developmentRegion = English;
			hasScannedForEncodings = 0;
			knownRegions = (
				en,
				Base,
			);
			mainGroup = 20D322141CC71F3700631D00;
			productRefGroup = 20D3221E1CC71F3700631D00 /* Products */;
			projectDirPath = "";
			projectRoot = "";
			targets = (
				20D3221C1CC71F3700631D00 /* UIVisualEffectView-图片模糊效果 */,
			);
		};
/* End PBXProject section */

/* Begin PBXResourcesBuildPhase section */
		20D3221B1CC71F3700631D00 /* Resources */ = {
			isa = PBXResourcesBuildPhase;
			buildActionMask = 2147483647;
			files = (
				20D322301CC71F3700631D00 /* LaunchScreen.storyboard in Resources */,
				20D3222D1CC71F3700631D00 /* Assets.xcassets in Resources */,
				20D3222B1CC71F3700631D00 /* Main.storyboard in Resources */,
			);
			runOnlyForDeploymentPostprocessing = 0;
		};
/* End PBXResourcesBuildPhase section */

/* Begin PBXSourcesBuildPhase section */
		20D322191CC71F3700631D00 /* Sources */ = {
			isa = PBXSourcesBuildPhase;
			buildActionMask = 2147483647;
			files = (
				20D322281CC71F3700631D00 /* ViewController.m in Sources */,
				20D322251CC71F3700631D00 /* AppDelegate.m in Sources */,
				20D322221CC71F3700631D00 /* main.m in Sources */,
			);
			runOnlyForDeploymentPostprocessing = 0;
		};
/* End PBXSourcesBuildPhase section */

/* Begin PBXVariantGroup section */
		20D322291CC71F3700631D00 /* Main.storyboard */ = {
			isa = PBXVariantGroup;
			children = (
				20D3222A1CC71F3700631D00 /* Base */,
			);
			name = Main.storyboard;
			sourceTree = "<group>";
		};
		20D3222E1CC71F3700631D00 /* LaunchScreen.storyboard */ = {
			isa = PBXVariantGroup;
			children = (
				20D3222F1CC71F3700631D00 /* Base */,
			);
			name = LaunchScreen.storyboard;
			sourceTree = "<group>";
		};
/* End PBXVariantGroup section */

/* Begin XCBuildConfiguration section */
		20D322321CC71F3700631D00 /* Debug */ = {
			isa = XCBuildConfiguration;
			buildSettings = {
				ALWAYS_SEARCH_USER_PATHS = NO;
				CLANG_CXX_LANGUAGE_STANDARD = "gnu++0x";
				CLANG_CXX_LIBRARY = "libc++";
				CLANG_ENABLE_MODULES = YES;
				CLANG_ENABLE_OBJC_ARC = YES;
				CLANG_WARN_BOOL_CONVERSION = YES;
				CLANG_WARN_CONSTANT_CONVERSION = YES;
				CLANG_WARN_DIRECT_OBJC_ISA_USAGE = YES_ERROR;
				CLANG_WARN_EMPTY_BODY = YES;
				CLANG_WARN_ENUM_CONVERSION = YES;
				CLANG_WARN_INT_CONVERSION = YES;
				CLANG_WARN_OBJC_ROOT_CLASS = YES_ERROR;
				CLANG_WARN_UNREACHABLE_CODE = YES;
				CLANG_WARN__DUPLICATE_METHOD_MATCH = YES;
				"CODE_SIGN_IDENTITY[sdk=iphoneos*]" = "iPhone Developer";
				COPY_PHASE_STRIP = NO;
				DEBUG_INFORMATION_FORMAT = dwarf;
				ENABLE_STRICT_OBJC_MSGSEND = YES;
				ENABLE_TESTABILITY = YES;
				GCC_C_LANGUAGE_STANDARD = gnu99;
				GCC_DYNAMIC_NO_PIC = NO;
				GCC_NO_COMMON_BLOCKS = YES;
				GCC_OPTIMIZATION_LEVEL = 0;
				GCC_PREPROCESSOR_DEFINITIONS = (
					"DEBUG=1",
					"$(inherited)",
				);
				GCC_WARN_64_TO_32_BIT_CONVERSION = YES;
				GCC_WARN_ABOUT_RETURN_TYPE = YES_ERROR;
				GCC_WARN_UNDECLARED_SELECTOR = YES;
				GCC_WARN_UNINITIALIZED_AUTOS = YES_AGGRESSIVE;
				GCC_WARN_UNUSED_FUNCTION = YES;
				GCC_WARN_UNUSED_VARIABLE = YES;
				IPHONEOS_DEPLOYMENT_TARGET = 9.2;
				MTL_ENABLE_DEBUG_INFO = YES;
				ONLY_ACTIVE_ARCH = YES;
				SDKROOT = iphoneos;
			};
			name = Debug;
		};
		20D322331CC71F3700631D00 /* Release */ = {
			isa = XCBuildConfiguration;
			buildSettings = {
				ALWAYS_SEARCH_USER_PATHS = NO;
				CLANG_CXX_LANGUAGE_STANDARD = "gnu++0x";
				CLANG_CXX_LIBRARY = "libc++";
				CLANG_ENABLE_MODULES = YES;
				CLANG_ENABLE_OBJC_ARC = YES;
				CLANG_WARN_BOOL_CONVERSION = YES;
				CLANG_WARN_CONSTANT_CONVERSION = YES;
				CLANG_WARN_DIRECT_OBJC_ISA_USAGE = YES_ERROR;
				CLANG_WARN_EMPTY_BODY = YES;
				CLANG_WARN_ENUM_CONVERSION = YES;
				CLANG_WARN_INT_CONVERSION = YES;
				CLANG_WARN_OBJC_ROOT_CLASS = YES_ERROR;
				CLANG_WARN_UNREACHABLE_CODE = YES;
				CLANG_WARN__DUPLICATE_METHOD_MATCH = YES;
				"CODE_SIGN_IDENTITY[sdk=iphoneos*]" = "iPhone Developer";
				COPY_PHASE_STRIP = NO;
				DEBUG_INFORMATION_FORMAT = "dwarf-with-dsym";
				ENABLE_NS_ASSERTIONS = NO;
				ENABLE_STRICT_OBJC_MSGSEND = YES;
				GCC_C_LANGUAGE_STANDARD = gnu99;
				GCC_NO_COMMON_BLOCKS = YES;
				GCC_WARN_64_TO_32_BIT_CONVERSION = YES;
				GCC_WARN_ABOUT_RETURN_TYPE = YES_ERROR;
				GCC_WARN_UNDECLARED_SELECTOR = YES;
				GCC_WARN_UNINITIALIZED_AUTOS = YES_AGGRESSIVE;
				GCC_WARN_UNUSED_FUNCTION = YES;
				GCC_WARN_UNUSED_VARIABLE = YES;
				IPHONEOS_DEPLOYMENT_TARGET = 9.2;
				MTL_ENABLE_DEBUG_INFO = NO;
				SDKROOT = iphoneos;
				VALIDATE_PRODUCT = YES;
			};
			name = Release;
		};
		20D322351CC71F3700631D00 /* Debug */ = {
			isa = XCBuildConfiguration;
			buildSettings = {
				ASSETCATALOG_COMPILER_APPICON_NAME = AppIcon;
				INFOPLIST_FILE = "UIVisualEffectView-图片模糊效果/Info.plist";
				LD_RUNPATH_SEARCH_PATHS = "$(inherited) @executable_path/Frameworks";
				PRODUCT_BUNDLE_IDENTIFIER = "com.mimi.UIVisualEffectView-------";
				PRODUCT_NAME = "$(TARGET_NAME)";
			};
			name = Debug;
		};
		20D322361CC71F3700631D00 /* Release */ = {
			isa = XCBuildConfiguration;
			buildSettings = {
				ASSETCATALOG_COMPILER_APPICON_NAME = AppIcon;
				INFOPLIST_FILE = "UIVisualEffectView-图片模糊效果/Info.plist";
				LD_RUNPATH_SEARCH_PATHS = "$(inherited) @executable_path/Frameworks";
				PRODUCT_BUNDLE_IDENTIFIER = "com.mimi.UIVisualEffectView-------";
				PRODUCT_NAME = "$(TARGET_NAME)";
			};
			name = Release;
		};
/* End XCBuildConfiguration section */

/* Begin XCConfigurationList section */
		20D322181CC71F3700631D00 /* Build configuration list for PBXProject "UIVisualEffectView-图片模糊效果" */ = {
			isa = XCConfigurationList;
			buildConfigurations = (
				20D322321CC71F3700631D00 /* Debug */,
				20D322331CC71F3700631D00 /* Release */,
			);
			defaultConfigurationIsVisible = 0;
			defaultConfigurationName = Release;
		};
		20D322341CC71F3700631D00 /* Build configuration list for PBXNativeTarget "UIVisualEffectView-图片模糊效果" */ = {
			isa = XCConfigurationList;
			buildConfigurations = (
				20D322351CC71F3700631D00 /* Debug */,
				20D322361CC71F3700631D00 /* Release */,
			);
			defaultConfigurationIsVisible = 0;
		};
/* End XCConfigurationList section */
	};
	rootObject = 20D322151CC71F3700631D00 /* Project object */;
}
